// !$*UTF8*$!
{
	archiveVersion = 1;
	classes = {
	};
	objectVersion = 56;
	objects = {

/* Begin PBXBuildFile section */
		720DAA632A4EF508004DFF86 /* HikeApp.swift in Sources */ = {isa = PBXBuildFile; fileRef = 720DAA622A4EF508004DFF86 /* HikeApp.swift */; };
		720DAA652A4EF508004DFF86 /* ContentView.swift in Sources */ = {isa = PBXBuildFile; fileRef = 720DAA642A4EF508004DFF86 /* ContentView.swift */; };
		720DAA672A4EF509004DFF86 /* Assets.xcassets in Resources */ = {isa = PBXBuildFile; fileRef = 720DAA662A4EF509004DFF86 /* Assets.xcassets */; };
		720DAA6A2A4EF509004DFF86 /* Preview Assets.xcassets in Resources */ = {isa = PBXBuildFile; fileRef = 720DAA692A4EF509004DFF86 /* Preview Assets.xcassets */; };
		720DAA712A4EF6E0004DFF86 /* CardView.swift in Sources */ = {isa = PBXBuildFile; fileRef = 720DAA702A4EF6E0004DFF86 /* CardView.swift */; };
		720DAA752A4EF7F9004DFF86 /* CustomBackgroundView.swift in Sources */ = {isa = PBXBuildFile; fileRef = 720DAA742A4EF7F9004DFF86 /* CustomBackgroundView.swift */; };
		720DAA782A4EF940004DFF86 /* ColorExtension.swift in Sources */ = {isa = PBXBuildFile; fileRef = 720DAA772A4EF940004DFF86 /* ColorExtension.swift */; };
		720DAA7A2A4F2050004DFF86 /* CustomButtonView.swift in Sources */ = {isa = PBXBuildFile; fileRef = 720DAA792A4F2050004DFF86 /* CustomButtonView.swift */; };
		720DAA7C2A4F25F1004DFF86 /* GradientButtonStyle.swift in Sources */ = {isa = PBXBuildFile; fileRef = 720DAA7B2A4F25F1004DFF86 /* GradientButtonStyle.swift */; };
		72188E442A542AD7005064A3 /* CustomCircleView.swift in Sources */ = {isa = PBXBuildFile; fileRef = 72188E432A542AD7005064A3 /* CustomCircleView.swift */; };
		72188E462A542BD0005064A3 /* MotionAnimationView.swift in Sources */ = {isa = PBXBuildFile; fileRef = 72188E452A542BD0005064A3 /* MotionAnimationView.swift */; };
		72188E4A2A543140005064A3 /* SettingsView.swift in Sources */ = {isa = PBXBuildFile; fileRef = 72188E492A543140005064A3 /* SettingsView.swift */; };
		72188E4C2A5436F0005064A3 /* CustomListRowView.swift in Sources */ = {isa = PBXBuildFile; fileRef = 72188E4B2A5436F0005064A3 /* CustomListRowView.swift */; };
/* End PBXBuildFile section */

/* Begin PBXFileReference section */
		720DAA5F2A4EF508004DFF86 /* Hike.app */ = {isa = PBXFileReference; explicitFileType = wrapper.application; includeInIndex = 0; path = Hike.app; sourceTree = BUILT_PRODUCTS_DIR; };
		720DAA622A4EF508004DFF86 /* HikeApp.swift */ = {isa = PBXFileReference; lastKnownFileType = sourcecode.swift; path = HikeApp.swift; sourceTree = "<group>"; };
		720DAA642A4EF508004DFF86 /* ContentView.swift */ = {isa = PBXFileReference; lastKnownFileType = sourcecode.swift; path = ContentView.swift; sourceTree = "<group>"; };
		720DAA662A4EF509004DFF86 /* Assets.xcassets */ = {isa = PBXFileReference; lastKnownFileType = folder.assetcatalog; path = Assets.xcassets; sourceTree = "<group>"; };
		720DAA692A4EF509004DFF86 /* Preview Assets.xcassets */ = {isa = PBXFileReference; lastKnownFileType = folder.assetcatalog; path = "Preview Assets.xcassets"; sourceTree = "<group>"; };
		720DAA702A4EF6E0004DFF86 /* CardView.swift */ = {isa = PBXFileReference; lastKnownFileType = sourcecode.swift; path = CardView.swift; sourceTree = "<group>"; };
		720DAA742A4EF7F9004DFF86 /* CustomBackgroundView.swift */ = {isa = PBXFileReference; lastKnownFileType = sourcecode.swift; path = CustomBackgroundView.swift; sourceTree = "<group>"; };
		720DAA772A4EF940004DFF86 /* ColorExtension.swift */ = {isa = PBXFileReference; lastKnownFileType = sourcecode.swift; path = ColorExtension.swift; sourceTree = "<group>"; };
		720DAA792A4F2050004DFF86 /* CustomButtonView.swift */ = {isa = PBXFileReference; lastKnownFileType = sourcecode.swift; path = CustomButtonView.swift; sourceTree = "<group>"; };
		720DAA7B2A4F25F1004DFF86 /* GradientButtonStyle.swift */ = {isa = PBXFileReference; lastKnownFileType = sourcecode.swift; path = GradientButtonStyle.swift; sourceTree = "<group>"; };
		72188E432A542AD7005064A3 /* CustomCircleView.swift */ = {isa = PBXFileReference; lastKnownFileType = sourcecode.swift; path = CustomCircleView.swift; sourceTree = "<group>"; };
		72188E452A542BD0005064A3 /* MotionAnimationView.swift */ = {isa = PBXFileReference; lastKnownFileType = sourcecode.swift; path = MotionAnimationView.swift; sourceTree = "<group>"; };
		72188E492A543140005064A3 /* SettingsView.swift */ = {isa = PBXFileReference; lastKnownFileType = sourcecode.swift; path = SettingsView.swift; sourceTree = "<group>"; };
		72188E4B2A5436F0005064A3 /* CustomListRowView.swift */ = {isa = PBXFileReference; lastKnownFileType = sourcecode.swift; path = CustomListRowView.swift; sourceTree = "<group>"; };
/* End PBXFileReference section */

/* Begin PBXFrameworksBuildPhase section */
		720DAA5C2A4EF508004DFF86 /* Frameworks */ = {
			isa = PBXFrameworksBuildPhase;
			buildActionMask = 2147483647;
			files = (
			);
			runOnlyForDeploymentPostprocessing = 0;
		};
/* End PBXFrameworksBuildPhase section */

/* Begin PBXGroup section */
		720DAA562A4EF508004DFF86 = {
			isa = PBXGroup;
			children = (
				720DAA612A4EF508004DFF86 /* Hike */,
				720DAA602A4EF508004DFF86 /* Products */,
			);
			sourceTree = "<group>";
		};
		720DAA602A4EF508004DFF86 /* Products */ = {
			isa = PBXGroup;
			children = (
				720DAA5F2A4EF508004DFF86 /* Hike.app */,
			);
			name = Products;
			sourceTree = "<group>";
		};
		720DAA612A4EF508004DFF86 /* Hike */ = {
			isa = PBXGroup;
			children = (
				720DAA732A4EF7B2004DFF86 /* Component */,
				720DAA762A4EF92D004DFF86 /* Utility */,
				72188E482A543129005064A3 /* Screen */,
				720DAA622A4EF508004DFF86 /* HikeApp.swift */,
				720DAA662A4EF509004DFF86 /* Assets.xcassets */,
				720DAA682A4EF509004DFF86 /* Preview Content */,
			);
			path = Hike;
			sourceTree = "<group>";
		};
		720DAA682A4EF509004DFF86 /* Preview Content */ = {
			isa = PBXGroup;
			children = (
				720DAA692A4EF509004DFF86 /* Preview Assets.xcassets */,
			);
			path = "Preview Content";
			sourceTree = "<group>";
		};
		720DAA732A4EF7B2004DFF86 /* Component */ = {
			isa = PBXGroup;
			children = (
				720DAA702A4EF6E0004DFF86 /* CardView.swift */,
				720DAA742A4EF7F9004DFF86 /* CustomBackgroundView.swift */,
				720DAA792A4F2050004DFF86 /* CustomButtonView.swift */,
				72188E432A542AD7005064A3 /* CustomCircleView.swift */,
				72188E452A542BD0005064A3 /* MotionAnimationView.swift */,
				72188E4B2A5436F0005064A3 /* CustomListRowView.swift */,
			);
			path = Component;
			sourceTree = "<group>";
		};
		720DAA762A4EF92D004DFF86 /* Utility */ = {
			isa = PBXGroup;
			children = (
				720DAA772A4EF940004DFF86 /* ColorExtension.swift */,
				720DAA7B2A4F25F1004DFF86 /* GradientButtonStyle.swift */,
			);
			path = Utility;
			sourceTree = "<group>";
		};
		72188E482A543129005064A3 /* Screen */ = {
			isa = PBXGroup;
			children = (
				720DAA642A4EF508004DFF86 /* ContentView.swift */,
				72188E492A543140005064A3 /* SettingsView.swift */,
			);
			path = Screen;
			sourceTree = "<group>";
		};
/* End PBXGroup section */

/* Begin PBXNativeTarget section */
		720DAA5E2A4EF508004DFF86 /* Hike */ = {
			isa = PBXNativeTarget;
			buildConfigurationList = 720DAA6D2A4EF509004DFF86 /* Build configuration list for PBXNativeTarget "Hike" */;
			buildPhases = (
				720DAA5B2A4EF508004DFF86 /* Sources */,
				720DAA5C2A4EF508004DFF86 /* Frameworks */,
				720DAA5D2A4EF508004DFF86 /* Resources */,
			);
			buildRules = (
			);
			dependencies = (
			);
			name = Hike;
			productName = Hike;
			productReference = 720DAA5F2A4EF508004DFF86 /* Hike.app */;
			productType = "com.apple.product-type.application";
		};
/* End PBXNativeTarget section */

/* Begin PBXProject section */
		720DAA572A4EF508004DFF86 /* Project object */ = {
			isa = PBXProject;
			attributes = {
				BuildIndependentTargetsInParallel = 1;
				LastSwiftUpdateCheck = 1430;
				LastUpgradeCheck = 1430;
				TargetAttributes = {
					720DAA5E2A4EF508004DFF86 = {
						CreatedOnToolsVersion = 14.3.1;
					};
				};
			};
			buildConfigurationList = 720DAA5A2A4EF508004DFF86 /* Build configuration list for PBXProject "Hike" */;
			compatibilityVersion = "Xcode 14.0";
			developmentRegion = en;
			hasScannedForEncodings = 0;
			knownRegions = (
				en,
				Base,
			);
			mainGroup = 720DAA562A4EF508004DFF86;
			productRefGroup = 720DAA602A4EF508004DFF86 /* Products */;
			projectDirPath = "";
			projectRoot = "";
			targets = (
				720DAA5E2A4EF508004DFF86 /* Hike */,
			);
		};
/* End PBXProject section */

/* Begin PBXResourcesBuildPhase section */
		720DAA5D2A4EF508004DFF86 /* Resources */ = {
			isa = PBXResourcesBuildPhase;
			buildActionMask = 2147483647;
			files = (
				720DAA6A2A4EF509004DFF86 /* Preview Assets.xcassets in Resources */,
				720DAA672A4EF509004DFF86 /* Assets.xcassets in Resources */,
			);
			runOnlyForDeploymentPostprocessing = 0;
		};
/* End PBXResourcesBuildPhase section */

/* Begin PBXSourcesBuildPhase section */
		720DAA5B2A4EF508004DFF86 /* Sources */ = {
			isa = PBXSourcesBuildPhase;
			buildActionMask = 2147483647;
			files = (
				720DAA652A4EF508004DFF86 /* ContentView.swift in Sources */,
				72188E442A542AD7005064A3 /* CustomCircleView.swift in Sources */,
				72188E4C2A5436F0005064A3 /* CustomListRowView.swift in Sources */,
				720DAA712A4EF6E0004DFF86 /* CardView.swift in Sources */,
				720DAA632A4EF508004DFF86 /* HikeApp.swift in Sources */,
				720DAA7A2A4F2050004DFF86 /* CustomButtonView.swift in Sources */,
				72188E4A2A543140005064A3 /* SettingsView.swift in Sources */,
				720DAA7C2A4F25F1004DFF86 /* GradientButtonStyle.swift in Sources */,
				72188E462A542BD0005064A3 /* MotionAnimationView.swift in Sources */,
				720DAA752A4EF7F9004DFF86 /* CustomBackgroundView.swift in Sources */,
				720DAA782A4EF940004DFF86 /* ColorExtension.swift in Sources */,
			);
			runOnlyForDeploymentPostprocessing = 0;
		};
/* End PBXSourcesBuildPhase section */

/* Begin XCBuildConfiguration section */
		720DAA6B2A4EF509004DFF86 /* Debug */ = {
			isa = XCBuildConfiguration;
			buildSettings = {
				ALWAYS_SEARCH_USER_PATHS = NO;
				CLANG_ANALYZER_NONNULL = YES;
				CLANG_ANALYZER_NUMBER_OBJECT_CONVERSION = YES_AGGRESSIVE;
				CLANG_CXX_LANGUAGE_STANDARD = "gnu++20";
				CLANG_ENABLE_MODULES = YES;
				CLANG_ENABLE_OBJC_ARC = YES;
				CLANG_ENABLE_OBJC_WEAK = YES;
				CLANG_WARN_BLOCK_CAPTURE_AUTORELEASING = YES;
				CLANG_WARN_BOOL_CONVERSION = YES;
				CLANG_WARN_COMMA = YES;
				CLANG_WARN_CONSTANT_CONVERSION = YES;
				CLANG_WARN_DEPRECATED_OBJC_IMPLEMENTATIONS = YES;
				CLANG_WARN_DIRECT_OBJC_ISA_USAGE = YES_ERROR;
				CLANG_WARN_DOCUMENTATION_COMMENTS = YES;
				CLANG_WARN_EMPTY_BODY = YES;
				CLANG_WARN_ENUM_CONVERSION = YES;
				CLANG_WARN_INFINITE_RECURSION = YES;
				CLANG_WARN_INT_CONVERSION = YES;
				CLANG_WARN_NON_LITERAL_NULL_CONVERSION = YES;
				CLANG_WARN_OBJC_IMPLICIT_RETAIN_SELF = YES;
				CLANG_WARN_OBJC_LITERAL_CONVERSION = YES;
				CLANG_WARN_OBJC_ROOT_CLASS = YES_ERROR;
				CLANG_WARN_QUOTED_INCLUDE_IN_FRAMEWORK_HEADER = YES;
				CLANG_WARN_RANGE_LOOP_ANALYSIS = YES;
				CLANG_WARN_STRICT_PROTOTYPES = YES;
				CLANG_WARN_SUSPICIOUS_MOVE = YES;
				CLANG_WARN_UNGUARDED_AVAILABILITY = YES_AGGRESSIVE;
				CLANG_WARN_UNREACHABLE_CODE = YES;
				CLANG_WARN__DUPLICATE_METHOD_MATCH = YES;
				COPY_PHASE_STRIP = NO;
				DEBUG_INFORMATION_FORMAT = dwarf;
				ENABLE_STRICT_OBJC_MSGSEND = YES;
				ENABLE_TESTABILITY = YES;
				GCC_C_LANGUAGE_STANDARD = gnu11;
				GCC_DYNAMIC_NO_PIC = NO;
				GCC_NO_COMMON_BLOCKS = YES;
				GCC_OPTIMIZATION_LEVEL = 0;
				GCC_PREPROCESSOR_DEFINITIONS = (
					"DEBUG=1",
					"$(inherited)",
				);
				GCC_WARN_64_TO_32_BIT_CONVERSION = YES;
				GCC_WARN_ABOUT_RETURN_TYPE = YES_ERROR;
				GCC_WARN_UNDECLARED_SELECTOR = YES;
				GCC_WARN_UNINITIALIZED_AUTOS = YES_AGGRESSIVE;
				GCC_WARN_UNUSED_FUNCTION = YES;
				GCC_WARN_UNUSED_VARIABLE = YES;
				IPHONEOS_DEPLOYMENT_TARGET = 16.4;
				MTL_ENABLE_DEBUG_INFO = INCLUDE_SOURCE;
				MTL_FAST_MATH = YES;
				ONLY_ACTIVE_ARCH = YES;
				SDKROOT = iphoneos;
				SWIFT_ACTIVE_COMPILATION_CONDITIONS = DEBUG;
				SWIFT_OPTIMIZATION_LEVEL = "-Onone";
			};
			name = Debug;
		};
		720DAA6C2A4EF509004DFF86 /* Release */ = {
			isa = XCBuildConfiguration;
			buildSettings = {
				ALWAYS_SEARCH_USER_PATHS = NO;
				CLANG_ANALYZER_NONNULL = YES;
				CLANG_ANALYZER_NUMBER_OBJECT_CONVERSION = YES_AGGRESSIVE;
				CLANG_CXX_LANGUAGE_STANDARD = "gnu++20";
				CLANG_ENABLE_MODULES = YES;
				CLANG_ENABLE_OBJC_ARC = YES;
				CLANG_ENABLE_OBJC_WEAK = YES;
				CLANG_WARN_BLOCK_CAPTURE_AUTORELEASING = YES;
				CLANG_WARN_BOOL_CONVERSION = YES;
				CLANG_WARN_COMMA = YES;
				CLANG_WARN_CONSTANT_CONVERSION = YES;
				CLANG_WARN_DEPRECATED_OBJC_IMPLEMENTATIONS = YES;
				CLANG_WARN_DIRECT_OBJC_ISA_USAGE = YES_ERROR;
				CLANG_WARN_DOCUMENTATION_COMMENTS = YES;
				CLANG_WARN_EMPTY_BODY = YES;
				CLANG_WARN_ENUM_CONVERSION = YES;
				CLANG_WARN_INFINITE_RECURSION = YES;
				CLANG_WARN_INT_CONVERSION = YES;
				CLANG_WARN_NON_LITERAL_NULL_CONVERSION = YES;
				CLANG_WARN_OBJC_IMPLICIT_RETAIN_SELF = YES;
				CLANG_WARN_OBJC_LITERAL_CONVERSION = YES;
				CLANG_WARN_OBJC_ROOT_CLASS = YES_ERROR;
				CLANG_WARN_QUOTED_INCLUDE_IN_FRAMEWORK_HEADER = YES;
				CLANG_WARN_RANGE_LOOP_ANALYSIS = YES;
				CLANG_WARN_STRICT_PROTOTYPES = YES;
				CLANG_WARN_SUSPICIOUS_MOVE = YES;
				CLANG_WARN_UNGUARDED_AVAILABILITY = YES_AGGRESSIVE;
				CLANG_WARN_UNREACHABLE_CODE = YES;
				CLANG_WARN__DUPLICATE_METHOD_MATCH = YES;
				COPY_PHASE_STRIP = NO;
				DEBUG_INFORMATION_FORMAT = "dwarf-with-dsym";
				ENABLE_NS_ASSERTIONS = NO;
				ENABLE_STRICT_OBJC_MSGSEND = YES;
				GCC_C_LANGUAGE_STANDARD = gnu11;
				GCC_NO_COMMON_BLOCKS = YES;
				GCC_WARN_64_TO_32_BIT_CONVERSION = YES;
				GCC_WARN_ABOUT_RETURN_TYPE = YES_ERROR;
				GCC_WARN_UNDECLARED_SELECTOR = YES;
				GCC_WARN_UNINITIALIZED_AUTOS = YES_AGGRESSIVE;
				GCC_WARN_UNUSED_FUNCTION = YES;
				GCC_WARN_UNUSED_VARIABLE = YES;
				IPHONEOS_DEPLOYMENT_TARGET = 16.4;
				MTL_ENABLE_DEBUG_INFO = NO;
				MTL_FAST_MATH = YES;
				SDKROOT = iphoneos;
				SWIFT_COMPILATION_MODE = wholemodule;
				SWIFT_OPTIMIZATION_LEVEL = "-O";
				VALIDATE_PRODUCT = YES;
			};
			name = Release;
		};
		720DAA6E2A4EF509004DFF86 /* Debug */ = {
			isa = XCBuildConfiguration;
			buildSettings = {
				ASSETCATALOG_COMPILER_APPICON_NAME = AppIcon;
				ASSETCATALOG_COMPILER_GLOBAL_ACCENT_COLOR_NAME = AccentColor;
				CODE_SIGN_STYLE = Automatic;
				CURRENT_PROJECT_VERSION = 1;
				DEVELOPMENT_ASSET_PATHS = "\"Hike/Preview Content\"";
				DEVELOPMENT_TEAM = KHJ7G2FG36;
				ENABLE_PREVIEWS = YES;
				GENERATE_INFOPLIST_FILE = YES;
				INFOPLIST_KEY_UIApplicationSceneManifest_Generation = YES;
				INFOPLIST_KEY_UIApplicationSupportsIndirectInputEvents = YES;
				INFOPLIST_KEY_UILaunchScreen_Generation = YES;
				INFOPLIST_KEY_UISupportedInterfaceOrientations_iPad = "UIInterfaceOrientationPortrait UIInterfaceOrientationPortraitUpsideDown UIInterfaceOrientationLandscapeLeft UIInterfaceOrientationLandscapeRight";
				INFOPLIST_KEY_UISupportedInterfaceOrientations_iPhone = "UIInterfaceOrientationPortrait UIInterfaceOrientationLandscapeLeft UIInterfaceOrientationLandscapeRight";
				LD_RUNPATH_SEARCH_PATHS = (
					"$(inherited)",
					"@executable_path/Frameworks",
				);
				MARKETING_VERSION = 1.0;
				PRODUCT_BUNDLE_IDENTIFIER = com.eric.Hike;
				PRODUCT_NAME = "$(TARGET_NAME)";
				SWIFT_EMIT_LOC_STRINGS = YES;
				SWIFT_VERSION = 5.0;
				TARGETED_DEVICE_FAMILY = "1,2";
			};
			name = Debug;
		};
		720DAA6F2A4EF509004DFF86 /* Release */ = {
			isa = XCBuildConfiguration;
			buildSettings = {
				ASSETCATALOG_COMPILER_APPICON_NAME = AppIcon;
				ASSETCATALOG_COMPILER_GLOBAL_ACCENT_COLOR_NAME = AccentColor;
				CODE_SIGN_STYLE = Automatic;
				CURRENT_PROJECT_VERSION = 1;
				DEVELOPMENT_ASSET_PATHS = "\"Hike/Preview Content\"";
				DEVELOPMENT_TEAM = KHJ7G2FG36;
				ENABLE_PREVIEWS = YES;
				GENERATE_INFOPLIST_FILE = YES;
				INFOPLIST_KEY_UIApplicationSceneManifest_Generation = YES;
				INFOPLIST_KEY_UIApplicationSupportsIndirectInputEvents = YES;
				INFOPLIST_KEY_UILaunchScreen_Generation = YES;
				INFOPLIST_KEY_UISupportedInterfaceOrientations_iPad = "UIInterfaceOrientationPortrait UIInterfaceOrientationPortraitUpsideDown UIInterfaceOrientationLandscapeLeft UIInterfaceOrientationLandscapeRight";
				INFOPLIST_KEY_UISupportedInterfaceOrientations_iPhone = "UIInterfaceOrientationPortrait UIInterfaceOrientationLandscapeLeft UIInterfaceOrientationLandscapeRight";
				LD_RUNPATH_SEARCH_PATHS = (
					"$(inherited)",
					"@executable_path/Frameworks",
				);
				MARKETING_VERSION = 1.0;
				PRODUCT_BUNDLE_IDENTIFIER = com.eric.Hike;
				PRODUCT_NAME = "$(TARGET_NAME)";
				SWIFT_EMIT_LOC_STRINGS = YES;
				SWIFT_VERSION = 5.0;
				TARGETED_DEVICE_FAMILY = "1,2";
			};
			name = Release;
		};
/* End XCBuildConfiguration section */

/* Begin XCConfigurationList section */
		720DAA5A2A4EF508004DFF86 /* Build configuration list for PBXProject "Hike" */ = {
			isa = XCConfigurationList;
			buildConfigurations = (
				720DAA6B2A4EF509004DFF86 /* Debug */,
				720DAA6C2A4EF509004DFF86 /* Release */,
			);
			defaultConfigurationIsVisible = 0;
			defaultConfigurationName = Release;
		};
		720DAA6D2A4EF509004DFF86 /* Build configuration list for PBXNativeTarget "Hike" */ = {
			isa = XCConfigurationList;
			buildConfigurations = (
				720DAA6E2A4EF509004DFF86 /* Debug */,
				720DAA6F2A4EF509004DFF86 /* Release */,
			);
			defaultConfigurationIsVisible = 0;
			defaultConfigurationName = Release;
		};
/* End XCConfigurationList section */
	};
	rootObject = 720DAA572A4EF508004DFF86 /* Project object */;
}
