// !$*UTF8*$!
{
	archiveVersion = 1;
	classes = {
	};
	objectVersion = 56;
	objects = {

/* Begin PBXBuildFile section */
		720AA07D2A1F656200131FC4 /* RestartApp.swift in Sources */ = {isa = PBXBuildFile; fileRef = 720AA07C2A1F656200131FC4 /* RestartApp.swift */; };
		720AA07F2A1F656200131FC4 /* ContentView.swift in Sources */ = {isa = PBXBuildFile; fileRef = 720AA07E2A1F656200131FC4 /* ContentView.swift */; };
		720AA0812A1F656300131FC4 /* Assets.xcassets in Resources */ = {isa = PBXBuildFile; fileRef = 720AA0802A1F656300131FC4 /* Assets.xcassets */; };
		720AA0842A1F656300131FC4 /* Preview Assets.xcassets in Resources */ = {isa = PBXBuildFile; fileRef = 720AA0832A1F656300131FC4 /* Preview Assets.xcassets */; };
		726450F12A25052B00A58EA6 /* CircleGroupView.swift in Sources */ = {isa = PBXBuildFile; fileRef = 726450F02A25052B00A58EA6 /* CircleGroupView.swift */; };
		72726D212A4853C800EB0CE6 /* AudioPlayer.swift in Sources */ = {isa = PBXBuildFile; fileRef = 72726D202A4853C800EB0CE6 /* AudioPlayer.swift */; };
		72EC45752A1FD790006B5868 /* success.m4a in Resources */ = {isa = PBXBuildFile; fileRef = 72EC45732A1FD790006B5868 /* success.m4a */; };
		72EC45762A1FD790006B5868 /* chimeup.mp3 in Resources */ = {isa = PBXBuildFile; fileRef = 72EC45742A1FD790006B5868 /* chimeup.mp3 */; };
		72EC457D2A1FDB41006B5868 /* OnboardingView.swift in Sources */ = {isa = PBXBuildFile; fileRef = 72EC457C2A1FDB41006B5868 /* OnboardingView.swift */; };
		72EC457F2A1FDB53006B5868 /* HomeView.swift in Sources */ = {isa = PBXBuildFile; fileRef = 72EC457E2A1FDB53006B5868 /* HomeView.swift */; };
/* End PBXBuildFile section */

/* Begin PBXFileReference section */
		720AA0792A1F656200131FC4 /* Restart.app */ = {isa = PBXFileReference; explicitFileType = wrapper.application; includeInIndex = 0; path = Restart.app; sourceTree = BUILT_PRODUCTS_DIR; };
		720AA07C2A1F656200131FC4 /* RestartApp.swift */ = {isa = PBXFileReference; lastKnownFileType = sourcecode.swift; path = RestartApp.swift; sourceTree = "<group>"; };
		720AA07E2A1F656200131FC4 /* ContentView.swift */ = {isa = PBXFileReference; lastKnownFileType = sourcecode.swift; path = ContentView.swift; sourceTree = "<group>"; };
		720AA0802A1F656300131FC4 /* Assets.xcassets */ = {isa = PBXFileReference; lastKnownFileType = folder.assetcatalog; path = Assets.xcassets; sourceTree = "<group>"; };
		720AA0832A1F656300131FC4 /* Preview Assets.xcassets */ = {isa = PBXFileReference; lastKnownFileType = folder.assetcatalog; path = "Preview Assets.xcassets"; sourceTree = "<group>"; };
		726450F02A25052B00A58EA6 /* CircleGroupView.swift */ = {isa = PBXFileReference; lastKnownFileType = sourcecode.swift; path = CircleGroupView.swift; sourceTree = "<group>"; };
		72726D202A4853C800EB0CE6 /* AudioPlayer.swift */ = {isa = PBXFileReference; lastKnownFileType = sourcecode.swift; path = AudioPlayer.swift; sourceTree = "<group>"; };
		72EC45732A1FD790006B5868 /* success.m4a */ = {isa = PBXFileReference; lastKnownFileType = file; path = success.m4a; sourceTree = "<group>"; };
		72EC45742A1FD790006B5868 /* chimeup.mp3 */ = {isa = PBXFileReference; lastKnownFileType = audio.mp3; path = chimeup.mp3; sourceTree = "<group>"; };
		72EC457B2A1FDAB7006B5868 /* Info.plist */ = {isa = PBXFileReference; lastKnownFileType = text.plist; path = Info.plist; sourceTree = "<group>"; };
		72EC457C2A1FDB41006B5868 /* OnboardingView.swift */ = {isa = PBXFileReference; lastKnownFileType = sourcecode.swift; path = OnboardingView.swift; sourceTree = "<group>"; };
		72EC457E2A1FDB53006B5868 /* HomeView.swift */ = {isa = PBXFileReference; lastKnownFileType = sourcecode.swift; path = HomeView.swift; sourceTree = "<group>"; };
/* End PBXFileReference section */

/* Begin PBXFrameworksBuildPhase section */
		720AA0762A1F656200131FC4 /* Frameworks */ = {
			isa = PBXFrameworksBuildPhase;
			buildActionMask = 2147483647;
			files = (
			);
			runOnlyForDeploymentPostprocessing = 0;
		};
/* End PBXFrameworksBuildPhase section */

/* Begin PBXGroup section */
		720AA0702A1F656200131FC4 = {
			isa = PBXGroup;
			children = (
				720AA07B2A1F656200131FC4 /* Restart */,
				720AA07A2A1F656200131FC4 /* Products */,
			);
			sourceTree = "<group>";
		};
		720AA07A2A1F656200131FC4 /* Products */ = {
			isa = PBXGroup;
			children = (
				720AA0792A1F656200131FC4 /* Restart.app */,
			);
			name = Products;
			sourceTree = "<group>";
		};
		720AA07B2A1F656200131FC4 /* Restart */ = {
			isa = PBXGroup;
			children = (
				72EC457B2A1FDAB7006B5868 /* Info.plist */,
				72EC457A2A1FD904006B5868 /* Utilities */,
				72EC45782A1FD8C7006B5868 /* Views */,
				72EC45792A1FD8D8006B5868 /* Sounds */,
				720AA07C2A1F656200131FC4 /* RestartApp.swift */,
				72EC45772A1FD8AB006B5868 /* Screens */,
				720AA0802A1F656300131FC4 /* Assets.xcassets */,
				720AA0822A1F656300131FC4 /* Preview Content */,
			);
			path = Restart;
			sourceTree = "<group>";
		};
		720AA0822A1F656300131FC4 /* Preview Content */ = {
			isa = PBXGroup;
			children = (
				720AA0832A1F656300131FC4 /* Preview Assets.xcassets */,
			);
			path = "Preview Content";
			sourceTree = "<group>";
		};
		72EC45772A1FD8AB006B5868 /* Screens */ = {
			isa = PBXGroup;
			children = (
				720AA07E2A1F656200131FC4 /* ContentView.swift */,
				72EC457C2A1FDB41006B5868 /* OnboardingView.swift */,
				72EC457E2A1FDB53006B5868 /* HomeView.swift */,
			);
			path = Screens;
			sourceTree = "<group>";
		};
		72EC45782A1FD8C7006B5868 /* Views */ = {
			isa = PBXGroup;
			children = (
				726450F02A25052B00A58EA6 /* CircleGroupView.swift */,
			);
			path = Views;
			sourceTree = "<group>";
		};
		72EC45792A1FD8D8006B5868 /* Sounds */ = {
			isa = PBXGroup;
			children = (
				72EC45742A1FD790006B5868 /* chimeup.mp3 */,
				72EC45732A1FD790006B5868 /* success.m4a */,
			);
			path = Sounds;
			sourceTree = "<group>";
		};
		72EC457A2A1FD904006B5868 /* Utilities */ = {
			isa = PBXGroup;
			children = (
				72726D202A4853C800EB0CE6 /* AudioPlayer.swift */,
			);
			path = Utilities;
			sourceTree = "<group>";
		};
/* End PBXGroup section */

/* Begin PBXNativeTarget section */
		720AA0782A1F656200131FC4 /* Restart */ = {
			isa = PBXNativeTarget;
			buildConfigurationList = 720AA0872A1F656300131FC4 /* Build configuration list for PBXNativeTarget "Restart" */;
			buildPhases = (
				720AA0752A1F656200131FC4 /* Sources */,
				720AA0762A1F656200131FC4 /* Frameworks */,
				720AA0772A1F656200131FC4 /* Resources */,
			);
			buildRules = (
			);
			dependencies = (
			);
			name = Restart;
			productName = Restart;
			productReference = 720AA0792A1F656200131FC4 /* Restart.app */;
			productType = "com.apple.product-type.application";
		};
/* End PBXNativeTarget section */

/* Begin PBXProject section */
		720AA0712A1F656200131FC4 /* Project object */ = {
			isa = PBXProject;
			attributes = {
				BuildIndependentTargetsInParallel = 1;
				LastSwiftUpdateCheck = 1430;
				LastUpgradeCheck = 1430;
				TargetAttributes = {
					720AA0782A1F656200131FC4 = {
						CreatedOnToolsVersion = 14.3;
					};
				};
			};
			buildConfigurationList = 720AA0742A1F656200131FC4 /* Build configuration list for PBXProject "Restart" */;
			compatibilityVersion = "Xcode 14.0";
			developmentRegion = en;
			hasScannedForEncodings = 0;
			knownRegions = (
				en,
				Base,
			);
			mainGroup = 720AA0702A1F656200131FC4;
			productRefGroup = 720AA07A2A1F656200131FC4 /* Products */;
			projectDirPath = "";
			projectRoot = "";
			targets = (
				720AA0782A1F656200131FC4 /* Restart */,
			);
		};
/* End PBXProject section */

/* Begin PBXResourcesBuildPhase section */
		720AA0772A1F656200131FC4 /* Resources */ = {
			isa = PBXResourcesBuildPhase;
			buildActionMask = 2147483647;
			files = (
				72EC45762A1FD790006B5868 /* chimeup.mp3 in Resources */,
				720AA0842A1F656300131FC4 /* Preview Assets.xcassets in Resources */,
				72EC45752A1FD790006B5868 /* success.m4a in Resources */,
				720AA0812A1F656300131FC4 /* Assets.xcassets in Resources */,
			);
			runOnlyForDeploymentPostprocessing = 0;
		};
/* End PBXResourcesBuildPhase section */

/* Begin PBXSourcesBuildPhase section */
		720AA0752A1F656200131FC4 /* Sources */ = {
			isa = PBXSourcesBuildPhase;
			buildActionMask = 2147483647;
			files = (
				726450F12A25052B00A58EA6 /* CircleGroupView.swift in Sources */,
				72EC457D2A1FDB41006B5868 /* OnboardingView.swift in Sources */,
				72EC457F2A1FDB53006B5868 /* HomeView.swift in Sources */,
				720AA07F2A1F656200131FC4 /* ContentView.swift in Sources */,
				720AA07D2A1F656200131FC4 /* RestartApp.swift in Sources */,
				72726D212A4853C800EB0CE6 /* AudioPlayer.swift in Sources */,
			);
			runOnlyForDeploymentPostprocessing = 0;
		};
/* End PBXSourcesBuildPhase section */

/* Begin XCBuildConfiguration section */
		720AA0852A1F656300131FC4 /* Debug */ = {
			isa = XCBuildConfiguration;
			buildSettings = {
				ALWAYS_SEARCH_USER_PATHS = NO;
				CLANG_ANALYZER_NONNULL = YES;
				CLANG_ANALYZER_NUMBER_OBJECT_CONVERSION = YES_AGGRESSIVE;
				CLANG_CXX_LANGUAGE_STANDARD = "gnu++20";
				CLANG_ENABLE_MODULES = YES;
				CLANG_ENABLE_OBJC_ARC = YES;
				CLANG_ENABLE_OBJC_WEAK = YES;
				CLANG_WARN_BLOCK_CAPTURE_AUTORELEASING = YES;
				CLANG_WARN_BOOL_CONVERSION = YES;
				CLANG_WARN_COMMA = YES;
				CLANG_WARN_CONSTANT_CONVERSION = YES;
				CLANG_WARN_DEPRECATED_OBJC_IMPLEMENTATIONS = YES;
				CLANG_WARN_DIRECT_OBJC_ISA_USAGE = YES_ERROR;
				CLANG_WARN_DOCUMENTATION_COMMENTS = YES;
				CLANG_WARN_EMPTY_BODY = YES;
				CLANG_WARN_ENUM_CONVERSION = YES;
				CLANG_WARN_INFINITE_RECURSION = YES;
				CLANG_WARN_INT_CONVERSION = YES;
				CLANG_WARN_NON_LITERAL_NULL_CONVERSION = YES;
				CLANG_WARN_OBJC_IMPLICIT_RETAIN_SELF = YES;
				CLANG_WARN_OBJC_LITERAL_CONVERSION = YES;
				CLANG_WARN_OBJC_ROOT_CLASS = YES_ERROR;
				CLANG_WARN_QUOTED_INCLUDE_IN_FRAMEWORK_HEADER = YES;
				CLANG_WARN_RANGE_LOOP_ANALYSIS = YES;
				CLANG_WARN_STRICT_PROTOTYPES = YES;
				CLANG_WARN_SUSPICIOUS_MOVE = YES;
				CLANG_WARN_UNGUARDED_AVAILABILITY = YES_AGGRESSIVE;
				CLANG_WARN_UNREACHABLE_CODE = YES;
				CLANG_WARN__DUPLICATE_METHOD_MATCH = YES;
				COPY_PHASE_STRIP = NO;
				DEBUG_INFORMATION_FORMAT = dwarf;
				ENABLE_STRICT_OBJC_MSGSEND = YES;
				ENABLE_TESTABILITY = YES;
				GCC_C_LANGUAGE_STANDARD = gnu11;
				GCC_DYNAMIC_NO_PIC = NO;
				GCC_NO_COMMON_BLOCKS = YES;
				GCC_OPTIMIZATION_LEVEL = 0;
				GCC_PREPROCESSOR_DEFINITIONS = (
					"DEBUG=1",
					"$(inherited)",
				);
				GCC_WARN_64_TO_32_BIT_CONVERSION = YES;
				GCC_WARN_ABOUT_RETURN_TYPE = YES_ERROR;
				GCC_WARN_UNDECLARED_SELECTOR = YES;
				GCC_WARN_UNINITIALIZED_AUTOS = YES_AGGRESSIVE;
				GCC_WARN_UNUSED_FUNCTION = YES;
				GCC_WARN_UNUSED_VARIABLE = YES;
				IPHONEOS_DEPLOYMENT_TARGET = 16.4;
				MTL_ENABLE_DEBUG_INFO = INCLUDE_SOURCE;
				MTL_FAST_MATH = YES;
				ONLY_ACTIVE_ARCH = YES;
				SDKROOT = iphoneos;
				SWIFT_ACTIVE_COMPILATION_CONDITIONS = DEBUG;
				SWIFT_OPTIMIZATION_LEVEL = "-Onone";
			};
			name = Debug;
		};
		720AA0862A1F656300131FC4 /* Release */ = {
			isa = XCBuildConfiguration;
			buildSettings = {
				ALWAYS_SEARCH_USER_PATHS = NO;
				CLANG_ANALYZER_NONNULL = YES;
				CLANG_ANALYZER_NUMBER_OBJECT_CONVERSION = YES_AGGRESSIVE;
				CLANG_CXX_LANGUAGE_STANDARD = "gnu++20";
				CLANG_ENABLE_MODULES = YES;
				CLANG_ENABLE_OBJC_ARC = YES;
				CLANG_ENABLE_OBJC_WEAK = YES;
				CLANG_WARN_BLOCK_CAPTURE_AUTORELEASING = YES;
				CLANG_WARN_BOOL_CONVERSION = YES;
				CLANG_WARN_COMMA = YES;
				CLANG_WARN_CONSTANT_CONVERSION = YES;
				CLANG_WARN_DEPRECATED_OBJC_IMPLEMENTATIONS = YES;
				CLANG_WARN_DIRECT_OBJC_ISA_USAGE = YES_ERROR;
				CLANG_WARN_DOCUMENTATION_COMMENTS = YES;
				CLANG_WARN_EMPTY_BODY = YES;
				CLANG_WARN_ENUM_CONVERSION = YES;
				CLANG_WARN_INFINITE_RECURSION = YES;
				CLANG_WARN_INT_CONVERSION = YES;
				CLANG_WARN_NON_LITERAL_NULL_CONVERSION = YES;
				CLANG_WARN_OBJC_IMPLICIT_RETAIN_SELF = YES;
				CLANG_WARN_OBJC_LITERAL_CONVERSION = YES;
				CLANG_WARN_OBJC_ROOT_CLASS = YES_ERROR;
				CLANG_WARN_QUOTED_INCLUDE_IN_FRAMEWORK_HEADER = YES;
				CLANG_WARN_RANGE_LOOP_ANALYSIS = YES;
				CLANG_WARN_STRICT_PROTOTYPES = YES;
				CLANG_WARN_SUSPICIOUS_MOVE = YES;
				CLANG_WARN_UNGUARDED_AVAILABILITY = YES_AGGRESSIVE;
				CLANG_WARN_UNREACHABLE_CODE = YES;
				CLANG_WARN__DUPLICATE_METHOD_MATCH = YES;
				COPY_PHASE_STRIP = NO;
				DEBUG_INFORMATION_FORMAT = "dwarf-with-dsym";
				ENABLE_NS_ASSERTIONS = NO;
				ENABLE_STRICT_OBJC_MSGSEND = YES;
				GCC_C_LANGUAGE_STANDARD = gnu11;
				GCC_NO_COMMON_BLOCKS = YES;
				GCC_WARN_64_TO_32_BIT_CONVERSION = YES;
				GCC_WARN_ABOUT_RETURN_TYPE = YES_ERROR;
				GCC_WARN_UNDECLARED_SELECTOR = YES;
				GCC_WARN_UNINITIALIZED_AUTOS = YES_AGGRESSIVE;
				GCC_WARN_UNUSED_FUNCTION = YES;
				GCC_WARN_UNUSED_VARIABLE = YES;
				IPHONEOS_DEPLOYMENT_TARGET = 16.4;
				MTL_ENABLE_DEBUG_INFO = NO;
				MTL_FAST_MATH = YES;
				SDKROOT = iphoneos;
				SWIFT_COMPILATION_MODE = wholemodule;
				SWIFT_OPTIMIZATION_LEVEL = "-O";
				VALIDATE_PRODUCT = YES;
			};
			name = Release;
		};
		720AA0882A1F656300131FC4 /* Debug */ = {
			isa = XCBuildConfiguration;
			buildSettings = {
				ASSETCATALOG_COMPILER_APPICON_NAME = AppIcon;
				ASSETCATALOG_COMPILER_GLOBAL_ACCENT_COLOR_NAME = AccentColor;
				CODE_SIGN_STYLE = Automatic;
				CURRENT_PROJECT_VERSION = 1;
				DEVELOPMENT_ASSET_PATHS = "\"Restart/Preview Content\"";
				DEVELOPMENT_TEAM = KHJ7G2FG36;
				ENABLE_PREVIEWS = YES;
				GENERATE_INFOPLIST_FILE = YES;
				INFOPLIST_FILE = Restart/Info.plist;
				INFOPLIST_KEY_UIApplicationSceneManifest_Generation = YES;
				INFOPLIST_KEY_UIApplicationSupportsIndirectInputEvents = YES;
				INFOPLIST_KEY_UISupportedInterfaceOrientations = UIInterfaceOrientationPortrait;
				IPHONEOS_DEPLOYMENT_TARGET = 15.0;
				LD_RUNPATH_SEARCH_PATHS = (
					"$(inherited)",
					"@executable_path/Frameworks",
				);
				MARKETING_VERSION = 1.0;
				PRODUCT_BUNDLE_IDENTIFIER = com.eric.Restart;
				PRODUCT_NAME = "$(TARGET_NAME)";
				SWIFT_EMIT_LOC_STRINGS = YES;
				SWIFT_VERSION = 5.0;
				TARGETED_DEVICE_FAMILY = "1,2";
			};
			name = Debug;
		};
		720AA0892A1F656300131FC4 /* Release */ = {
			isa = XCBuildConfiguration;
			buildSettings = {
				ASSETCATALOG_COMPILER_APPICON_NAME = AppIcon;
				ASSETCATALOG_COMPILER_GLOBAL_ACCENT_COLOR_NAME = AccentColor;
				CODE_SIGN_STYLE = Automatic;
				CURRENT_PROJECT_VERSION = 1;
				DEVELOPMENT_ASSET_PATHS = "\"Restart/Preview Content\"";
				DEVELOPMENT_TEAM = KHJ7G2FG36;
				ENABLE_PREVIEWS = YES;
				GENERATE_INFOPLIST_FILE = YES;
				INFOPLIST_FILE = Restart/Info.plist;
				INFOPLIST_KEY_UIApplicationSceneManifest_Generation = YES;
				INFOPLIST_KEY_UIApplicationSupportsIndirectInputEvents = YES;
				INFOPLIST_KEY_UISupportedInterfaceOrientations = UIInterfaceOrientationPortrait;
				IPHONEOS_DEPLOYMENT_TARGET = 15.0;
				LD_RUNPATH_SEARCH_PATHS = (
					"$(inherited)",
					"@executable_path/Frameworks",
				);
				MARKETING_VERSION = 1.0;
				PRODUCT_BUNDLE_IDENTIFIER = com.eric.Restart;
				PRODUCT_NAME = "$(TARGET_NAME)";
				SWIFT_EMIT_LOC_STRINGS = YES;
				SWIFT_VERSION = 5.0;
				TARGETED_DEVICE_FAMILY = "1,2";
			};
			name = Release;
		};
/* End XCBuildConfiguration section */

/* Begin XCConfigurationList section */
		720AA0742A1F656200131FC4 /* Build configuration list for PBXProject "Restart" */ = {
			isa = XCConfigurationList;
			buildConfigurations = (
				720AA0852A1F656300131FC4 /* Debug */,
				720AA0862A1F656300131FC4 /* Release */,
			);
			defaultConfigurationIsVisible = 0;
			defaultConfigurationName = Release;
		};
		720AA0872A1F656300131FC4 /* Build configuration list for PBXNativeTarget "Restart" */ = {
			isa = XCConfigurationList;
			buildConfigurations = (
				720AA0882A1F656300131FC4 /* Debug */,
				720AA0892A1F656300131FC4 /* Release */,
			);
			defaultConfigurationIsVisible = 0;
			defaultConfigurationName = Release;
		};
/* End XCConfigurationList section */
	};
	rootObject = 720AA0712A1F656200131FC4 /* Project object */;
}
